// !$*UTF8*$!
{
	archiveVersion = 1;
	classes = {
	};
	objectVersion = 51;
	objects = {

/* Begin PBXBuildFile section */
		2D0465AF2414140A007F75C9 /* LoginViewController.swift in Sources */ = {isa = PBXBuildFile; fileRef = 2D0465AE2414140A007F75C9 /* LoginViewController.swift */; };
		2D0465B1241416A7007F75C9 /* MainViewController.swift in Sources */ = {isa = PBXBuildFile; fileRef = 2D0465B0241416A7007F75C9 /* MainViewController.swift */; };
		2D0465B32414193A007F75C9 /* WelcomeViewController.swift in Sources */ = {isa = PBXBuildFile; fileRef = 2D0465B22414193A007F75C9 /* WelcomeViewController.swift */; };
		2D7A46CD241332B1008FF1B7 /* AppDelegate.swift in Sources */ = {isa = PBXBuildFile; fileRef = 2D7A46CC241332B1008FF1B7 /* AppDelegate.swift */; };
		2D7A46CF241332B1008FF1B7 /* SceneDelegate.swift in Sources */ = {isa = PBXBuildFile; fileRef = 2D7A46CE241332B1008FF1B7 /* SceneDelegate.swift */; };
		2D7A46D1241332B1008FF1B7 /* ViewController.swift in Sources */ = {isa = PBXBuildFile; fileRef = 2D7A46D0241332B1008FF1B7 /* ViewController.swift */; };
		2D7A46D4241332B1008FF1B7 /* Main.storyboard in Resources */ = {isa = PBXBuildFile; fileRef = 2D7A46D2241332B1008FF1B7 /* Main.storyboard */; };
		2D7A46D6241332B3008FF1B7 /* Assets.xcassets in Resources */ = {isa = PBXBuildFile; fileRef = 2D7A46D5241332B3008FF1B7 /* Assets.xcassets */; };
		2D7A46D9241332B3008FF1B7 /* LaunchScreen.storyboard in Resources */ = {isa = PBXBuildFile; fileRef = 2D7A46D7241332B3008FF1B7 /* LaunchScreen.storyboard */; };
		2D7A46E1241338DF008FF1B7 /* GoogleService-Info.plist in Resources */ = {isa = PBXBuildFile; fileRef = 2D7A46E0241338DF008FF1B7 /* GoogleService-Info.plist */; };
		AA4DAF95821B1EA34B972518 /* Pods_ProyectoFirebase.framework in Frameworks */ = {isa = PBXBuildFile; fileRef = 7F7CF07CDD66384348654031 /* Pods_ProyectoFirebase.framework */; };
/* End PBXBuildFile section */

/* Begin PBXFileReference section */
		11BED9571210819D526E641A /* Pods-ProyectoFirebase.release.xcconfig */ = {isa = PBXFileReference; includeInIndex = 1; lastKnownFileType = text.xcconfig; name = "Pods-ProyectoFirebase.release.xcconfig"; path = "Target Support Files/Pods-ProyectoFirebase/Pods-ProyectoFirebase.release.xcconfig"; sourceTree = "<group>"; };
		259E873B8FA49EE265A10A1B /* Pods-ProyectoFirebase.debug.xcconfig */ = {isa = PBXFileReference; includeInIndex = 1; lastKnownFileType = text.xcconfig; name = "Pods-ProyectoFirebase.debug.xcconfig"; path = "Target Support Files/Pods-ProyectoFirebase/Pods-ProyectoFirebase.debug.xcconfig"; sourceTree = "<group>"; };
		2D0465AE2414140A007F75C9 /* LoginViewController.swift */ = {isa = PBXFileReference; lastKnownFileType = sourcecode.swift; path = LoginViewController.swift; sourceTree = "<group>"; };
		2D0465B0241416A7007F75C9 /* MainViewController.swift */ = {isa = PBXFileReference; lastKnownFileType = sourcecode.swift; path = MainViewController.swift; sourceTree = "<group>"; };
		2D0465B22414193A007F75C9 /* WelcomeViewController.swift */ = {isa = PBXFileReference; lastKnownFileType = sourcecode.swift; path = WelcomeViewController.swift; sourceTree = "<group>"; };
		2D7A46C9241332B1008FF1B7 /* ProyectoFirebase.app */ = {isa = PBXFileReference; explicitFileType = wrapper.application; includeInIndex = 0; path = ProyectoFirebase.app; sourceTree = BUILT_PRODUCTS_DIR; };
		2D7A46CC241332B1008FF1B7 /* AppDelegate.swift */ = {isa = PBXFileReference; lastKnownFileType = sourcecode.swift; path = AppDelegate.swift; sourceTree = "<group>"; };
		2D7A46CE241332B1008FF1B7 /* SceneDelegate.swift */ = {isa = PBXFileReference; lastKnownFileType = sourcecode.swift; path = SceneDelegate.swift; sourceTree = "<group>"; };
		2D7A46D0241332B1008FF1B7 /* ViewController.swift */ = {isa = PBXFileReference; lastKnownFileType = sourcecode.swift; path = ViewController.swift; sourceTree = "<group>"; };
		2D7A46D3241332B1008FF1B7 /* Base */ = {isa = PBXFileReference; lastKnownFileType = file.storyboard; name = Base; path = Base.lproj/Main.storyboard; sourceTree = "<group>"; };
		2D7A46D5241332B3008FF1B7 /* Assets.xcassets */ = {isa = PBXFileReference; lastKnownFileType = folder.assetcatalog; path = Assets.xcassets; sourceTree = "<group>"; };
		2D7A46D8241332B3008FF1B7 /* Base */ = {isa = PBXFileReference; lastKnownFileType = file.storyboard; name = Base; path = Base.lproj/LaunchScreen.storyboard; sourceTree = "<group>"; };
		2D7A46DA241332B3008FF1B7 /* Info.plist */ = {isa = PBXFileReference; lastKnownFileType = text.plist.xml; path = Info.plist; sourceTree = "<group>"; };
		2D7A46E0241338DF008FF1B7 /* GoogleService-Info.plist */ = {isa = PBXFileReference; fileEncoding = 4; lastKnownFileType = text.plist.xml; path = "GoogleService-Info.plist"; sourceTree = "<group>"; };
		7F7CF07CDD66384348654031 /* Pods_ProyectoFirebase.framework */ = {isa = PBXFileReference; explicitFileType = wrapper.framework; includeInIndex = 0; path = Pods_ProyectoFirebase.framework; sourceTree = BUILT_PRODUCTS_DIR; };
/* End PBXFileReference section */

/* Begin PBXFrameworksBuildPhase section */
		2D7A46C6241332B1008FF1B7 /* Frameworks */ = {
			isa = PBXFrameworksBuildPhase;
			buildActionMask = 2147483647;
			files = (
				AA4DAF95821B1EA34B972518 /* Pods_ProyectoFirebase.framework in Frameworks */,
			);
			runOnlyForDeploymentPostprocessing = 0;
		};
/* End PBXFrameworksBuildPhase section */

/* Begin PBXGroup section */
		2D7A46C0241332B1008FF1B7 = {
			isa = PBXGroup;
			children = (
				2D7A46CB241332B1008FF1B7 /* ProyectoFirebase */,
				2D7A46CA241332B1008FF1B7 /* Products */,
				41FB7071235F92407C7C702F /* Pods */,
				AB92D3316A89E2B52135A9DD /* Frameworks */,
			);
			sourceTree = "<group>";
		};
		2D7A46CA241332B1008FF1B7 /* Products */ = {
			isa = PBXGroup;
			children = (
				2D7A46C9241332B1008FF1B7 /* ProyectoFirebase.app */,
			);
			name = Products;
			sourceTree = "<group>";
		};
		2D7A46CB241332B1008FF1B7 /* ProyectoFirebase */ = {
			isa = PBXGroup;
			children = (
				2D7A46CC241332B1008FF1B7 /* AppDelegate.swift */,
				2D7A46CE241332B1008FF1B7 /* SceneDelegate.swift */,
				2D7A46D0241332B1008FF1B7 /* ViewController.swift */,
				2D0465AE2414140A007F75C9 /* LoginViewController.swift */,
				2D7A46D2241332B1008FF1B7 /* Main.storyboard */,
				2D0465B22414193A007F75C9 /* WelcomeViewController.swift */,
				2D0465B0241416A7007F75C9 /* MainViewController.swift */,
				2D7A46D5241332B3008FF1B7 /* Assets.xcassets */,
				2D7A46D7241332B3008FF1B7 /* LaunchScreen.storyboard */,
				2D7A46DA241332B3008FF1B7 /* Info.plist */,
				2D7A46E0241338DF008FF1B7 /* GoogleService-Info.plist */,
			);
			path = ProyectoFirebase;
			sourceTree = "<group>";
		};
		41FB7071235F92407C7C702F /* Pods */ = {
			isa = PBXGroup;
			children = (
				259E873B8FA49EE265A10A1B /* Pods-ProyectoFirebase.debug.xcconfig */,
				11BED9571210819D526E641A /* Pods-ProyectoFirebase.release.xcconfig */,
			);
			path = Pods;
			sourceTree = "<group>";
		};
		AB92D3316A89E2B52135A9DD /* Frameworks */ = {
			isa = PBXGroup;
			children = (
				7F7CF07CDD66384348654031 /* Pods_ProyectoFirebase.framework */,
			);
			name = Frameworks;
			sourceTree = "<group>";
		};
/* End PBXGroup section */

/* Begin PBXNativeTarget section */
		2D7A46C8241332B1008FF1B7 /* ProyectoFirebase */ = {
			isa = PBXNativeTarget;
			buildConfigurationList = 2D7A46DD241332B3008FF1B7 /* Build configuration list for PBXNativeTarget "ProyectoFirebase" */;
			buildPhases = (
				DF77F5BE5ACF99683D9A8B7D /* [CP] Check Pods Manifest.lock */,
				2D7A46C5241332B1008FF1B7 /* Sources */,
				2D7A46C6241332B1008FF1B7 /* Frameworks */,
				2D7A46C7241332B1008FF1B7 /* Resources */,
				11415AC6234AC64D973E6E2F /* [CP] Embed Pods Frameworks */,
			);
			buildRules = (
			);
			dependencies = (
			);
			name = ProyectoFirebase;
			productName = ProyectoFirebase;
			productReference = 2D7A46C9241332B1008FF1B7 /* ProyectoFirebase.app */;
			productType = "com.apple.product-type.application";
		};
/* End PBXNativeTarget section */

/* Begin PBXProject section */
		2D7A46C1241332B1008FF1B7 /* Project object */ = {
			isa = PBXProject;
			attributes = {
				LastSwiftUpdateCheck = 1130;
				LastUpgradeCheck = 1130;
				ORGANIZATIONNAME = "Ivan Quintana";
				TargetAttributes = {
					2D7A46C8241332B1008FF1B7 = {
						CreatedOnToolsVersion = 11.3;
					};
				};
			};
			buildConfigurationList = 2D7A46C4241332B1008FF1B7 /* Build configuration list for PBXProject "ProyectoFirebase" */;
			compatibilityVersion = "Xcode 9.3";
			developmentRegion = en;
			hasScannedForEncodings = 0;
			knownRegions = (
				en,
				Base,
			);
			mainGroup = 2D7A46C0241332B1008FF1B7;
			productRefGroup = 2D7A46CA241332B1008FF1B7 /* Products */;
			projectDirPath = "";
			projectRoot = "";
			targets = (
				2D7A46C8241332B1008FF1B7 /* ProyectoFirebase */,
			);
		};
/* End PBXProject section */

/* Begin PBXResourcesBuildPhase section */
		2D7A46C7241332B1008FF1B7 /* Resources */ = {
			isa = PBXResourcesBuildPhase;
			buildActionMask = 2147483647;
			files = (
				2D7A46D9241332B3008FF1B7 /* LaunchScreen.storyboard in Resources */,
				2D7A46E1241338DF008FF1B7 /* GoogleService-Info.plist in Resources */,
				2D7A46D6241332B3008FF1B7 /* Assets.xcassets in Resources */,
				2D7A46D4241332B1008FF1B7 /* Main.storyboard in Resources */,
			);
			runOnlyForDeploymentPostprocessing = 0;
		};
/* End PBXResourcesBuildPhase section */

/* Begin PBXShellScriptBuildPhase section */
		11415AC6234AC64D973E6E2F /* [CP] Embed Pods Frameworks */ = {
			isa = PBXShellScriptBuildPhase;
			buildActionMask = 2147483647;
			files = (
			);
			inputFileListPaths = (
				"${PODS_ROOT}/Target Support Files/Pods-ProyectoFirebase/Pods-ProyectoFirebase-frameworks-${CONFIGURATION}-input-files.xcfilelist",
			);
			name = "[CP] Embed Pods Frameworks";
			outputFileListPaths = (
				"${PODS_ROOT}/Target Support Files/Pods-ProyectoFirebase/Pods-ProyectoFirebase-frameworks-${CONFIGURATION}-output-files.xcfilelist",
			);
			runOnlyForDeploymentPostprocessing = 0;
			shellPath = /bin/sh;
			shellScript = "\"${PODS_ROOT}/Target Support Files/Pods-ProyectoFirebase/Pods-ProyectoFirebase-frameworks.sh\"\n";
			showEnvVarsInLog = 0;
		};
		DF77F5BE5ACF99683D9A8B7D /* [CP] Check Pods Manifest.lock */ = {
			isa = PBXShellScriptBuildPhase;
			buildActionMask = 2147483647;
			files = (
			);
			inputFileListPaths = (
			);
			inputPaths = (
				"${PODS_PODFILE_DIR_PATH}/Podfile.lock",
				"${PODS_ROOT}/Manifest.lock",
			);
			name = "[CP] Check Pods Manifest.lock";
			outputFileListPaths = (
			);
			outputPaths = (
				"$(DERIVED_FILE_DIR)/Pods-ProyectoFirebase-checkManifestLockResult.txt",
			);
			runOnlyForDeploymentPostprocessing = 0;
			shellPath = /bin/sh;
			shellScript = "diff \"${PODS_PODFILE_DIR_PATH}/Podfile.lock\" \"${PODS_ROOT}/Manifest.lock\" > /dev/null\nif [ $? != 0 ] ; then\n    # print error to STDERR\n    echo \"error: The sandbox is not in sync with the Podfile.lock. Run 'pod install' or update your CocoaPods installation.\" >&2\n    exit 1\nfi\n# This output is used by Xcode 'outputs' to avoid re-running this script phase.\necho \"SUCCESS\" > \"${SCRIPT_OUTPUT_FILE_0}\"\n";
			showEnvVarsInLog = 0;
		};
/* End PBXShellScriptBuildPhase section */

/* Begin PBXSourcesBuildPhase section */
		2D7A46C5241332B1008FF1B7 /* Sources */ = {
			isa = PBXSourcesBuildPhase;
			buildActionMask = 2147483647;
			files = (
				2D0465AF2414140A007F75C9 /* LoginViewController.swift in Sources */,
				2D7A46D1241332B1008FF1B7 /* ViewController.swift in Sources */,
				2D7A46CD241332B1008FF1B7 /* AppDelegate.swift in Sources */,
				2D0465B32414193A007F75C9 /* WelcomeViewController.swift in Sources */,
				2D7A46CF241332B1008FF1B7 /* SceneDelegate.swift in Sources */,
				2D0465B1241416A7007F75C9 /* MainViewController.swift in Sources */,
			);
			runOnlyForDeploymentPostprocessing = 0;
		};
/* End PBXSourcesBuildPhase section */

/* Begin PBXVariantGroup section */
		2D7A46D2241332B1008FF1B7 /* Main.storyboard */ = {
			isa = PBXVariantGroup;
			children = (
				2D7A46D3241332B1008FF1B7 /* Base */,
			);
			name = Main.storyboard;
			sourceTree = "<group>";
		};
		2D7A46D7241332B3008FF1B7 /* LaunchScreen.storyboard */ = {
			isa = PBXVariantGroup;
			children = (
				2D7A46D8241332B3008FF1B7 /* Base */,
			);
			name = LaunchScreen.storyboard;
			sourceTree = "<group>";
		};
/* End PBXVariantGroup section */

/* Begin XCBuildConfiguration section */
		2D7A46DB241332B3008FF1B7 /* Debug */ = {
			isa = XCBuildConfiguration;
			buildSettings = {
				ALWAYS_SEARCH_USER_PATHS = NO;
				CLANG_ANALYZER_NONNULL = YES;
				CLANG_ANALYZER_NUMBER_OBJECT_CONVERSION = YES_AGGRESSIVE;
				CLANG_CXX_LANGUAGE_STANDARD = "gnu++14";
				CLANG_CXX_LIBRARY = "libc++";
				CLANG_ENABLE_MODULES = YES;
				CLANG_ENABLE_OBJC_ARC = YES;
				CLANG_ENABLE_OBJC_WEAK = YES;
				CLANG_WARN_BLOCK_CAPTURE_AUTORELEASING = YES;
				CLANG_WARN_BOOL_CONVERSION = YES;
				CLANG_WARN_COMMA = YES;
				CLANG_WARN_CONSTANT_CONVERSION = YES;
				CLANG_WARN_DEPRECATED_OBJC_IMPLEMENTATIONS = YES;
				CLANG_WARN_DIRECT_OBJC_ISA_USAGE = YES_ERROR;
				CLANG_WARN_DOCUMENTATION_COMMENTS = YES;
				CLANG_WARN_EMPTY_BODY = YES;
				CLANG_WARN_ENUM_CONVERSION = YES;
				CLANG_WARN_INFINITE_RECURSION = YES;
				CLANG_WARN_INT_CONVERSION = YES;
				CLANG_WARN_NON_LITERAL_NULL_CONVERSION = YES;
				CLANG_WARN_OBJC_IMPLICIT_RETAIN_SELF = YES;
				CLANG_WARN_OBJC_LITERAL_CONVERSION = YES;
				CLANG_WARN_OBJC_ROOT_CLASS = YES_ERROR;
				CLANG_WARN_RANGE_LOOP_ANALYSIS = YES;
				CLANG_WARN_STRICT_PROTOTYPES = YES;
				CLANG_WARN_SUSPICIOUS_MOVE = YES;
				CLANG_WARN_UNGUARDED_AVAILABILITY = YES_AGGRESSIVE;
				CLANG_WARN_UNREACHABLE_CODE = YES;
				CLANG_WARN__DUPLICATE_METHOD_MATCH = YES;
				COPY_PHASE_STRIP = NO;
				DEBUG_INFORMATION_FORMAT = dwarf;
				ENABLE_STRICT_OBJC_MSGSEND = YES;
				ENABLE_TESTABILITY = YES;
				GCC_C_LANGUAGE_STANDARD = gnu11;
				GCC_DYNAMIC_NO_PIC = NO;
				GCC_NO_COMMON_BLOCKS = YES;
				GCC_OPTIMIZATION_LEVEL = 0;
				GCC_PREPROCESSOR_DEFINITIONS = (
					"DEBUG=1",
					"$(inherited)",
				);
				GCC_WARN_64_TO_32_BIT_CONVERSION = YES;
				GCC_WARN_ABOUT_RETURN_TYPE = YES_ERROR;
				GCC_WARN_UNDECLARED_SELECTOR = YES;
				GCC_WARN_UNINITIALIZED_AUTOS = YES_AGGRESSIVE;
				GCC_WARN_UNUSED_FUNCTION = YES;
				GCC_WARN_UNUSED_VARIABLE = YES;
				IPHONEOS_DEPLOYMENT_TARGET = 13.2;
				MTL_ENABLE_DEBUG_INFO = INCLUDE_SOURCE;
				MTL_FAST_MATH = YES;
				ONLY_ACTIVE_ARCH = YES;
				SDKROOT = iphoneos;
				SWIFT_ACTIVE_COMPILATION_CONDITIONS = DEBUG;
				SWIFT_OPTIMIZATION_LEVEL = "-Onone";
			};
			name = Debug;
		};
		2D7A46DC241332B3008FF1B7 /* Release */ = {
			isa = XCBuildConfiguration;
			buildSettings = {
				ALWAYS_SEARCH_USER_PATHS = NO;
				CLANG_ANALYZER_NONNULL = YES;
				CLANG_ANALYZER_NUMBER_OBJECT_CONVERSION = YES_AGGRESSIVE;
				CLANG_CXX_LANGUAGE_STANDARD = "gnu++14";
				CLANG_CXX_LIBRARY = "libc++";
				CLANG_ENABLE_MODULES = YES;
				CLANG_ENABLE_OBJC_ARC = YES;
				CLANG_ENABLE_OBJC_WEAK = YES;
				CLANG_WARN_BLOCK_CAPTURE_AUTORELEASING = YES;
				CLANG_WARN_BOOL_CONVERSION = YES;
				CLANG_WARN_COMMA = YES;
				CLANG_WARN_CONSTANT_CONVERSION = YES;
				CLANG_WARN_DEPRECATED_OBJC_IMPLEMENTATIONS = YES;
				CLANG_WARN_DIRECT_OBJC_ISA_USAGE = YES_ERROR;
				CLANG_WARN_DOCUMENTATION_COMMENTS = YES;
				CLANG_WARN_EMPTY_BODY = YES;
				CLANG_WARN_ENUM_CONVERSION = YES;
				CLANG_WARN_INFINITE_RECURSION = YES;
				CLANG_WARN_INT_CONVERSION = YES;
				CLANG_WARN_NON_LITERAL_NULL_CONVERSION = YES;
				CLANG_WARN_OBJC_IMPLICIT_RETAIN_SELF = YES;
				CLANG_WARN_OBJC_LITERAL_CONVERSION = YES;
				CLANG_WARN_OBJC_ROOT_CLASS = YES_ERROR;
				CLANG_WARN_RANGE_LOOP_ANALYSIS = YES;
				CLANG_WARN_STRICT_PROTOTYPES = YES;
				CLANG_WARN_SUSPICIOUS_MOVE = YES;
				CLANG_WARN_UNGUARDED_AVAILABILITY = YES_AGGRESSIVE;
				CLANG_WARN_UNREACHABLE_CODE = YES;
				CLANG_WARN__DUPLICATE_METHOD_MATCH = YES;
				COPY_PHASE_STRIP = NO;
				DEBUG_INFORMATION_FORMAT = "dwarf-with-dsym";
				ENABLE_NS_ASSERTIONS = NO;
				ENABLE_STRICT_OBJC_MSGSEND = YES;
				GCC_C_LANGUAGE_STANDARD = gnu11;
				GCC_NO_COMMON_BLOCKS = YES;
				GCC_WARN_64_TO_32_BIT_CONVERSION = YES;
				GCC_WARN_ABOUT_RETURN_TYPE = YES_ERROR;
				GCC_WARN_UNDECLARED_SELECTOR = YES;
				GCC_WARN_UNINITIALIZED_AUTOS = YES_AGGRESSIVE;
				GCC_WARN_UNUSED_FUNCTION = YES;
				GCC_WARN_UNUSED_VARIABLE = YES;
				IPHONEOS_DEPLOYMENT_TARGET = 13.2;
				MTL_ENABLE_DEBUG_INFO = NO;
				MTL_FAST_MATH = YES;
				SDKROOT = iphoneos;
				SWIFT_COMPILATION_MODE = wholemodule;
				SWIFT_OPTIMIZATION_LEVEL = "-O";
				VALIDATE_PRODUCT = YES;
			};
			name = Release;
		};
		2D7A46DE241332B3008FF1B7 /* Debug */ = {
			isa = XCBuildConfiguration;
			baseConfigurationReference = 259E873B8FA49EE265A10A1B /* Pods-ProyectoFirebase.debug.xcconfig */;
			buildSettings = {
				ASSETCATALOG_COMPILER_APPICON_NAME = AppIcon;
				CODE_SIGN_STYLE = Automatic;
				INFOPLIST_FILE = ProyectoFirebase/Info.plist;
				LD_RUNPATH_SEARCH_PATHS = (
					"$(inherited)",
					"@executable_path/Frameworks",
				);
				PRODUCT_BUNDLE_IDENTIFIER = mx.tacode.ProyectoFirebase;
				PRODUCT_NAME = "$(TARGET_NAME)";
				SWIFT_VERSION = 5.0;
				TARGETED_DEVICE_FAMILY = "1,2";
			};
			name = Debug;
		};
		2D7A46DF241332B3008FF1B7 /* Release */ = {
			isa = XCBuildConfiguration;
			baseConfigurationReference = 11BED9571210819D526E641A /* Pods-ProyectoFirebase.release.xcconfig */;
			buildSettings = {
				ASSETCATALOG_COMPILER_APPICON_NAME = AppIcon;
				CODE_SIGN_STYLE = Automatic;
				INFOPLIST_FILE = ProyectoFirebase/Info.plist;
				LD_RUNPATH_SEARCH_PATHS = (
					"$(inherited)",
					"@executable_path/Frameworks",
				);
				PRODUCT_BUNDLE_IDENTIFIER = mx.tacode.ProyectoFirebase;
				PRODUCT_NAME = "$(TARGET_NAME)";
				SWIFT_VERSION = 5.0;
				TARGETED_DEVICE_FAMILY = "1,2";
			};
			name = Release;
		};
/* End XCBuildConfiguration section */

/* Begin XCConfigurationList section */
		2D7A46C4241332B1008FF1B7 /* Build configuration list for PBXProject "ProyectoFirebase" */ = {
			isa = XCConfigurationList;
			buildConfigurations = (
				2D7A46DB241332B3008FF1B7 /* Debug */,
				2D7A46DC241332B3008FF1B7 /* Release */,
			);
			defaultConfigurationIsVisible = 0;
			defaultConfigurationName = Release;
		};
		2D7A46DD241332B3008FF1B7 /* Build configuration list for PBXNativeTarget "ProyectoFirebase" */ = {
			isa = XCConfigurationList;
			buildConfigurations = (
				2D7A46DE241332B3008FF1B7 /* Debug */,
				2D7A46DF241332B3008FF1B7 /* Release */,
			);
			defaultConfigurationIsVisible = 0;
			defaultConfigurationName = Release;
		};
/* End XCConfigurationList section */
	};
	rootObject = 2D7A46C1241332B1008FF1B7 /* Project object */;
}
